
Microsoft Visual Studio Solution File, Format Version 12.00
# Visual Studio Version 17
VisualStudioVersion = 17.4.33103.184
MinimumVisualStudioVersion = 10.0.40219.1
Project("{FAE04EC0-301F-11D3-BF4B-00C04F79EFBC}") = "A_funny_MAth_THing", "A_funny_MAth_THing.csproj", "{1F3C3359-9509-472B-BC81-C686FE0C38C1}"
EndProject
Global
	GlobalSection(SolutionConfigurationPlatforms) = preSolution
		Debug|Any CPU = Debug|Any CPU
		Release|Any CPU = Release|Any CPU
	EndGlobalSection
	GlobalSection(ProjectConfigurationPlatforms) = postSolution
		{1F3C3359-9509-472B-BC81-C686FE0C38C1}.Debug|Any CPU.ActiveCfg = Debug|Any CPU
		{1F3C3359-9509-472B-BC81-C686FE0C38C1}.Debug|Any CPU.Build.0 = Debug|Any CPU
		{1F3C3359-9509-472B-BC81-C686FE0C38C1}.Release|Any CPU.ActiveCfg = Release|Any CPU
		{1F3C3359-9509-472B-BC81-C686FE0C38C1}.Release|Any CPU.Build.0 = Release|Any CPU
	EndGlobalSection
	GlobalSection(SolutionProperties) = preSolution
		HideSolutionNode = FALSE
	EndGlobalSection
	GlobalSection(ExtensibilityGlobals) = postSolution
		SolutionGuid = {DD815A45-BEBA-4DC0-A58D-83685F7B55AD}
	EndGlobalSection
EndGlobal
